
Microsoft Visual Studio Solution File, Format Version 12.00
# Visual Studio 2013
VisualStudioVersion = 12.0.31101.0
MinimumVisualStudioVersion = 10.0.40219.1
Project("{2150E333-8FDC-42A3-9474-1A3956D46DE8}") = "Renderer", "Renderer", "{B416E181-051A-43F1-B10B-FE0029E0F66A}"
EndProject
Project("{D954291E-2A0B-460D-934E-DC6B0785DB48}") = "Renderer.Shared", "Renderer\Renderer.Shared\Renderer.Shared.shproj", "{3E517F6F-75C8-4A44-A02B-9233E631DC1E}"
EndProject
Project("{FAE04EC0-301F-11D3-BF4B-00C04F79EFBC}") = "Renderer.Windows", "Renderer\Renderer.Windows\Renderer.Windows.csproj", "{93B43607-B63C-4F0A-B05F-CB1950C6E12F}"
EndProject
Project("{FAE04EC0-301F-11D3-BF4B-00C04F79EFBC}") = "Renderer.WindowsPhone", "Renderer\Renderer.WindowsPhone\Renderer.WindowsPhone.csproj", "{07B8DF0C-5E21-4DBC-AD29-36CB66CC7DA7}"
EndProject
Project("{2150E333-8FDC-42A3-9474-1A3956D46DE8}") = "NativeLibraries", "NativeLibraries", "{3A5007D6-04BC-40DD-949E-7E1BB3F9C092}"
EndProject
Project("{2150E333-8FDC-42A3-9474-1A3956D46DE8}") = "Universal", "Universal", "{36B3276C-0763-4AD2-A693-C22906CC6774}"
EndProject
Project("{2150E333-8FDC-42A3-9474-1A3956D46DE8}") = "RendererBase", "RendererBase", "{E446252E-D331-49C7-815B-7A55ABE38771}"
EndProject
Project("{8BC9CEB8-8B4A-11D0-8D11-00A0C91BC942}") = "RendererBase.Shared", "NativeLibraries\Universal\RendererBase\RendererBase.Shared\RendererBase.Shared.vcxitems", "{DE365DDD-6D74-4557-94C9-E5FA32AC84F4}"
EndProject
Project("{8BC9CEB8-8B4A-11D0-8D11-00A0C91BC942}") = "RendererBase.Windows", "NativeLibraries\Universal\RendererBase\RendererBase.Windows\RendererBase.Windows.vcxproj", "{C71BB34C-C761-478C-B7EF-87370C1CA1F6}"
EndProject
Project("{8BC9CEB8-8B4A-11D0-8D11-00A0C91BC942}") = "RendererBase.WindowsPhone", "NativeLibraries\Universal\RendererBase\RendererBase.WindowsPhone\RendererBase.WindowsPhone.vcxproj", "{CE4FC2B7-C08D-466E-95A6-5206BBEF2871}"
EndProject
Project("{2150E333-8FDC-42A3-9474-1A3956D46DE8}") = "RendererWinRT", "RendererWinRT", "{6E8F39C6-2C7B-49A1-8C53-6400F52414C8}"
EndProject
Project("{8BC9CEB8-8B4A-11D0-8D11-00A0C91BC942}") = "RendererWinRT.Shared", "NativeLibraries\Universal\RendererWinRT\RendererWinRT.Shared\RendererWinRT.Shared.vcxitems", "{948856F6-8DF3-4DF6-B933-0DA0118CDBD2}"
EndProject
Project("{8BC9CEB8-8B4A-11D0-8D11-00A0C91BC942}") = "RendererWinRT.Windows", "NativeLibraries\Universal\RendererWinRT\RendererWinRT.Windows\RendererWinRT.Windows.vcxproj", "{B8AEA030-89A1-4DD0-BA4D-7A3CF1059014}"
EndProject
Project("{8BC9CEB8-8B4A-11D0-8D11-00A0C91BC942}") = "RendererWinRT.WindowsPhone", "NativeLibraries\Universal\RendererWinRT\RendererWinRT.WindowsPhone\RendererWinRT.WindowsPhone.vcxproj", "{B18929C2-2A4E-4106-9592-9F96FD72E842}"
EndProject
Global
	GlobalSection(SharedMSBuildProjectFiles) = preSolution
		NativeLibraries\Universal\RendererBase\RendererBase.Shared\RendererBase.Shared.vcxitems*{c71bb34c-c761-478c-b7ef-87370c1ca1f6}*SharedItemsImports = 4
		Renderer\Renderer.Shared\Renderer.Shared.projitems*{3e517f6f-75c8-4a44-a02b-9233e631dc1e}*SharedItemsImports = 13
		Renderer\Renderer.Shared\Renderer.Shared.projitems*{93b43607-b63c-4f0a-b05f-cb1950c6e12f}*SharedItemsImports = 4
		NativeLibraries\Universal\RendererWinRT\RendererWinRT.Shared\RendererWinRT.Shared.vcxitems*{b18929c2-2a4e-4106-9592-9f96fd72e842}*SharedItemsImports = 4
		NativeLibraries\Universal\RendererWinRT\RendererWinRT.Shared\RendererWinRT.Shared.vcxitems*{948856f6-8df3-4df6-b933-0da0118cdbd2}*SharedItemsImports = 9
		NativeLibraries\Universal\RendererWinRT\RendererWinRT.Shared\RendererWinRT.Shared.vcxitems*{b8aea030-89a1-4dd0-ba4d-7a3cf1059014}*SharedItemsImports = 4
		NativeLibraries\Universal\RendererBase\RendererBase.Shared\RendererBase.Shared.vcxitems*{de365ddd-6d74-4557-94c9-e5fa32ac84f4}*SharedItemsImports = 9
		NativeLibraries\Universal\RendererBase\RendererBase.Shared\RendererBase.Shared.vcxitems*{ce4fc2b7-c08d-466e-95a6-5206bbef2871}*SharedItemsImports = 4
		Renderer\Renderer.Shared\Renderer.Shared.projitems*{07b8df0c-5e21-4dbc-ad29-36cb66cc7da7}*SharedItemsImports = 4
	EndGlobalSection
	GlobalSection(SolutionConfigurationPlatforms) = preSolution
		Debug|Any CPU = Debug|Any CPU
		Debug|ARM = Debug|ARM
		Debug|Mixed Platforms = Debug|Mixed Platforms
		Debug|Win32 = Debug|Win32
		Debug|x64 = Debug|x64
		Debug|x86 = Debug|x86
		Release|Any CPU = Release|Any CPU
		Release|ARM = Release|ARM
		Release|Mixed Platforms = Release|Mixed Platforms
		Release|Win32 = Release|Win32
		Release|x64 = Release|x64
		Release|x86 = Release|x86
	EndGlobalSection
	GlobalSection(ProjectConfigurationPlatforms) = postSolution
		{93B43607-B63C-4F0A-B05F-CB1950C6E12F}.Debug|Any CPU.ActiveCfg = Debug|Any CPU
		{93B43607-B63C-4F0A-B05F-CB1950C6E12F}.Debug|Any CPU.Build.0 = Debug|Any CPU
		{93B43607-B63C-4F0A-B05F-CB1950C6E12F}.Debug|Any CPU.Deploy.0 = Debug|Any CPU
		{93B43607-B63C-4F0A-B05F-CB1950C6E12F}.Debug|ARM.ActiveCfg = Debug|ARM
		{93B43607-B63C-4F0A-B05F-CB1950C6E12F}.Debug|ARM.Build.0 = Debug|ARM
		{93B43607-B63C-4F0A-B05F-CB1950C6E12F}.Debug|ARM.Deploy.0 = Debug|ARM
		{93B43607-B63C-4F0A-B05F-CB1950C6E12F}.Debug|Mixed Platforms.ActiveCfg = Debug|x86
		{93B43607-B63C-4F0A-B05F-CB1950C6E12F}.Debug|Mixed Platforms.Build.0 = Debug|x86
		{93B43607-B63C-4F0A-B05F-CB1950C6E12F}.Debug|Mixed Platforms.Deploy.0 = Debug|x86
		{93B43607-B63C-4F0A-B05F-CB1950C6E12F}.Debug|Win32.ActiveCfg = Debug|x86
		{93B43607-B63C-4F0A-B05F-CB1950C6E12F}.Debug|Win32.Build.0 = Debug|x86
		{93B43607-B63C-4F0A-B05F-CB1950C6E12F}.Debug|Win32.Deploy.0 = Debug|x86
		{93B43607-B63C-4F0A-B05F-CB1950C6E12F}.Debug|x64.ActiveCfg = Debug|x64
		{93B43607-B63C-4F0A-B05F-CB1950C6E12F}.Debug|x64.Build.0 = Debug|x64
		{93B43607-B63C-4F0A-B05F-CB1950C6E12F}.Debug|x64.Deploy.0 = Debug|x64
		{93B43607-B63C-4F0A-B05F-CB1950C6E12F}.Debug|x86.ActiveCfg = Debug|x86
		{93B43607-B63C-4F0A-B05F-CB1950C6E12F}.Debug|x86.Build.0 = Debug|x86
		{93B43607-B63C-4F0A-B05F-CB1950C6E12F}.Debug|x86.Deploy.0 = Debug|x86
		{93B43607-B63C-4F0A-B05F-CB1950C6E12F}.Release|Any CPU.ActiveCfg = Release|Any CPU
		{93B43607-B63C-4F0A-B05F-CB1950C6E12F}.Release|Any CPU.Build.0 = Release|Any CPU
		{93B43607-B63C-4F0A-B05F-CB1950C6E12F}.Release|Any CPU.Deploy.0 = Release|Any CPU
		{93B43607-B63C-4F0A-B05F-CB1950C6E12F}.Release|ARM.ActiveCfg = Release|ARM
		{93B43607-B63C-4F0A-B05F-CB1950C6E12F}.Release|ARM.Build.0 = Release|ARM
		{93B43607-B63C-4F0A-B05F-CB1950C6E12F}.Release|ARM.Deploy.0 = Release|ARM
		{93B43607-B63C-4F0A-B05F-CB1950C6E12F}.Release|Mixed Platforms.ActiveCfg = Release|x86
		{93B43607-B63C-4F0A-B05F-CB1950C6E12F}.Release|Mixed Platforms.Build.0 = Release|x86
		{93B43607-B63C-4F0A-B05F-CB1950C6E12F}.Release|Mixed Platforms.Deploy.0 = Release|x86
		{93B43607-B63C-4F0A-B05F-CB1950C6E12F}.Release|Win32.ActiveCfg = Release|x86
		{93B43607-B63C-4F0A-B05F-CB1950C6E12F}.Release|Win32.Build.0 = Release|x86
		{93B43607-B63C-4F0A-B05F-CB1950C6E12F}.Release|Win32.Deploy.0 = Release|x86
		{93B43607-B63C-4F0A-B05F-CB1950C6E12F}.Release|x64.ActiveCfg = Release|x64
		{93B43607-B63C-4F0A-B05F-CB1950C6E12F}.Release|x64.Build.0 = Release|x64
		{93B43607-B63C-4F0A-B05F-CB1950C6E12F}.Release|x64.Deploy.0 = Release|x64
		{93B43607-B63C-4F0A-B05F-CB1950C6E12F}.Release|x86.ActiveCfg = Release|x86
		{93B43607-B63C-4F0A-B05F-CB1950C6E12F}.Release|x86.Build.0 = Release|x86
		{93B43607-B63C-4F0A-B05F-CB1950C6E12F}.Release|x86.Deploy.0 = Release|x86
		{07B8DF0C-5E21-4DBC-AD29-36CB66CC7DA7}.Debug|Any CPU.ActiveCfg = Debug|Any CPU
		{07B8DF0C-5E21-4DBC-AD29-36CB66CC7DA7}.Debug|Any CPU.Build.0 = Debug|Any CPU
		{07B8DF0C-5E21-4DBC-AD29-36CB66CC7DA7}.Debug|Any CPU.Deploy.0 = Debug|Any CPU
		{07B8DF0C-5E21-4DBC-AD29-36CB66CC7DA7}.Debug|ARM.ActiveCfg = Debug|ARM
		{07B8DF0C-5E21-4DBC-AD29-36CB66CC7DA7}.Debug|ARM.Build.0 = Debug|ARM
		{07B8DF0C-5E21-4DBC-AD29-36CB66CC7DA7}.Debug|ARM.Deploy.0 = Debug|ARM
		{07B8DF0C-5E21-4DBC-AD29-36CB66CC7DA7}.Debug|Mixed Platforms.ActiveCfg = Debug|x86
		{07B8DF0C-5E21-4DBC-AD29-36CB66CC7DA7}.Debug|Mixed Platforms.Build.0 = Debug|x86
		{07B8DF0C-5E21-4DBC-AD29-36CB66CC7DA7}.Debug|Mixed Platforms.Deploy.0 = Debug|x86
		{07B8DF0C-5E21-4DBC-AD29-36CB66CC7DA7}.Debug|Win32.ActiveCfg = Debug|x86
		{07B8DF0C-5E21-4DBC-AD29-36CB66CC7DA7}.Debug|Win32.Build.0 = Debug|x86
		{07B8DF0C-5E21-4DBC-AD29-36CB66CC7DA7}.Debug|Win32.Deploy.0 = Debug|x86
		{07B8DF0C-5E21-4DBC-AD29-36CB66CC7DA7}.Debug|x64.ActiveCfg = Debug|Any CPU
		{07B8DF0C-5E21-4DBC-AD29-36CB66CC7DA7}.Debug|x86.ActiveCfg = Debug|x86
		{07B8DF0C-5E21-4DBC-AD29-36CB66CC7DA7}.Debug|x86.Build.0 = Debug|x86
		{07B8DF0C-5E21-4DBC-AD29-36CB66CC7DA7}.Debug|x86.Deploy.0 = Debug|x86
		{07B8DF0C-5E21-4DBC-AD29-36CB66CC7DA7}.Release|Any CPU.ActiveCfg = Release|Any CPU
		{07B8DF0C-5E21-4DBC-AD29-36CB66CC7DA7}.Release|Any CPU.Build.0 = Release|Any CPU
		{07B8DF0C-5E21-4DBC-AD29-36CB66CC7DA7}.Release|Any CPU.Deploy.0 = Release|Any CPU
		{07B8DF0C-5E21-4DBC-AD29-36CB66CC7DA7}.Release|ARM.ActiveCfg = Release|ARM
		{07B8DF0C-5E21-4DBC-AD29-36CB66CC7DA7}.Release|ARM.Build.0 = Release|ARM
		{07B8DF0C-5E21-4DBC-AD29-36CB66CC7DA7}.Release|ARM.Deploy.0 = Release|ARM
		{07B8DF0C-5E21-4DBC-AD29-36CB66CC7DA7}.Release|Mixed Platforms.ActiveCfg = Release|x86
		{07B8DF0C-5E21-4DBC-AD29-36CB66CC7DA7}.Release|Mixed Platforms.Build.0 = Release|x86
		{07B8DF0C-5E21-4DBC-AD29-36CB66CC7DA7}.Release|Mixed Platforms.Deploy.0 = Release|x86
		{07B8DF0C-5E21-4DBC-AD29-36CB66CC7DA7}.Release|Win32.ActiveCfg = Release|x86
		{07B8DF0C-5E21-4DBC-AD29-36CB66CC7DA7}.Release|Win32.Build.0 = Release|x86
		{07B8DF0C-5E21-4DBC-AD29-36CB66CC7DA7}.Release|Win32.Deploy.0 = Release|x86
		{07B8DF0C-5E21-4DBC-AD29-36CB66CC7DA7}.Release|x64.ActiveCfg = Release|Any CPU
		{07B8DF0C-5E21-4DBC-AD29-36CB66CC7DA7}.Release|x86.ActiveCfg = Release|x86
		{07B8DF0C-5E21-4DBC-AD29-36CB66CC7DA7}.Release|x86.Build.0 = Release|x86
		{07B8DF0C-5E21-4DBC-AD29-36CB66CC7DA7}.Release|x86.Deploy.0 = Release|x86
		{C71BB34C-C761-478C-B7EF-87370C1CA1F6}.Debug|Any CPU.ActiveCfg = Debug|Win32
		{C71BB34C-C761-478C-B7EF-87370C1CA1F6}.Debug|ARM.ActiveCfg = Debug|ARM
		{C71BB34C-C761-478C-B7EF-87370C1CA1F6}.Debug|ARM.Build.0 = Debug|ARM
		{C71BB34C-C761-478C-B7EF-87370C1CA1F6}.Debug|Mixed Platforms.ActiveCfg = Debug|Win32
		{C71BB34C-C761-478C-B7EF-87370C1CA1F6}.Debug|Mixed Platforms.Build.0 = Debug|Win32
		{C71BB34C-C761-478C-B7EF-87370C1CA1F6}.Debug|Win32.ActiveCfg = Debug|Win32
		{C71BB34C-C761-478C-B7EF-87370C1CA1F6}.Debug|Win32.Build.0 = Debug|Win32
		{C71BB34C-C761-478C-B7EF-87370C1CA1F6}.Debug|x64.ActiveCfg = Debug|x64
		{C71BB34C-C761-478C-B7EF-87370C1CA1F6}.Debug|x64.Build.0 = Debug|x64
		{C71BB34C-C761-478C-B7EF-87370C1CA1F6}.Debug|x86.ActiveCfg = Debug|Win32
		{C71BB34C-C761-478C-B7EF-87370C1CA1F6}.Debug|x86.Build.0 = Debug|Win32
		{C71BB34C-C761-478C-B7EF-87370C1CA1F6}.Release|Any CPU.ActiveCfg = Release|Win32
		{C71BB34C-C761-478C-B7EF-87370C1CA1F6}.Release|ARM.ActiveCfg = Release|ARM
		{C71BB34C-C761-478C-B7EF-87370C1CA1F6}.Release|ARM.Build.0 = Release|ARM
		{C71BB34C-C761-478C-B7EF-87370C1CA1F6}.Release|Mixed Platforms.ActiveCfg = Release|Win32
		{C71BB34C-C761-478C-B7EF-87370C1CA1F6}.Release|Mixed Platforms.Build.0 = Release|Win32
		{C71BB34C-C761-478C-B7EF-87370C1CA1F6}.Release|Win32.ActiveCfg = Release|Win32
		{C71BB34C-C761-478C-B7EF-87370C1CA1F6}.Release|Win32.Build.0 = Release|Win32
		{C71BB34C-C761-478C-B7EF-87370C1CA1F6}.Release|x64.ActiveCfg = Release|x64
		{C71BB34C-C761-478C-B7EF-87370C1CA1F6}.Release|x64.Build.0 = Release|x64
		{C71BB34C-C761-478C-B7EF-87370C1CA1F6}.Release|x86.ActiveCfg = Release|Win32
		{C71BB34C-C761-478C-B7EF-87370C1CA1F6}.Release|x86.Build.0 = Release|Win32
		{CE4FC2B7-C08D-466E-95A6-5206BBEF2871}.Debug|Any CPU.ActiveCfg = Debug|Win32
		{CE4FC2B7-C08D-466E-95A6-5206BBEF2871}.Debug|ARM.ActiveCfg = Debug|ARM
		{CE4FC2B7-C08D-466E-95A6-5206BBEF2871}.Debug|ARM.Build.0 = Debug|ARM
		{CE4FC2B7-C08D-466E-95A6-5206BBEF2871}.Debug|Mixed Platforms.ActiveCfg = Debug|Win32
		{CE4FC2B7-C08D-466E-95A6-5206BBEF2871}.Debug|Mixed Platforms.Build.0 = Debug|Win32
		{CE4FC2B7-C08D-466E-95A6-5206BBEF2871}.Debug|Win32.ActiveCfg = Debug|Win32
		{CE4FC2B7-C08D-466E-95A6-5206BBEF2871}.Debug|Win32.Build.0 = Debug|Win32
		{CE4FC2B7-C08D-466E-95A6-5206BBEF2871}.Debug|x64.ActiveCfg = Debug|Win32
		{CE4FC2B7-C08D-466E-95A6-5206BBEF2871}.Debug|x86.ActiveCfg = Debug|Win32
		{CE4FC2B7-C08D-466E-95A6-5206BBEF2871}.Debug|x86.Build.0 = Debug|Win32
		{CE4FC2B7-C08D-466E-95A6-5206BBEF2871}.Release|Any CPU.ActiveCfg = Release|Win32
		{CE4FC2B7-C08D-466E-95A6-5206BBEF2871}.Release|ARM.ActiveCfg = Release|ARM
		{CE4FC2B7-C08D-466E-95A6-5206BBEF2871}.Release|ARM.Build.0 = Release|ARM
		{CE4FC2B7-C08D-466E-95A6-5206BBEF2871}.Release|Mixed Platforms.ActiveCfg = Release|Win32
		{CE4FC2B7-C08D-466E-95A6-5206BBEF2871}.Release|Mixed Platforms.Build.0 = Release|Win32
		{CE4FC2B7-C08D-466E-95A6-5206BBEF2871}.Release|Win32.ActiveCfg = Release|Win32
		{CE4FC2B7-C08D-466E-95A6-5206BBEF2871}.Release|Win32.Build.0 = Release|Win32
		{CE4FC2B7-C08D-466E-95A6-5206BBEF2871}.Release|x64.ActiveCfg = Release|Win32
		{CE4FC2B7-C08D-466E-95A6-5206BBEF2871}.Release|x86.ActiveCfg = Release|Win32
		{CE4FC2B7-C08D-466E-95A6-5206BBEF2871}.Release|x86.Build.0 = Release|Win32
		{B8AEA030-89A1-4DD0-BA4D-7A3CF1059014}.Debug|Any CPU.ActiveCfg = Debug|Win32
		{B8AEA030-89A1-4DD0-BA4D-7A3CF1059014}.Debug|ARM.ActiveCfg = Debug|ARM
		{B8AEA030-89A1-4DD0-BA4D-7A3CF1059014}.Debug|ARM.Build.0 = Debug|ARM
		{B8AEA030-89A1-4DD0-BA4D-7A3CF1059014}.Debug|Mixed Platforms.ActiveCfg = Debug|Win32
		{B8AEA030-89A1-4DD0-BA4D-7A3CF1059014}.Debug|Mixed Platforms.Build.0 = Debug|Win32
		{B8AEA030-89A1-4DD0-BA4D-7A3CF1059014}.Debug|Win32.ActiveCfg = Debug|Win32
		{B8AEA030-89A1-4DD0-BA4D-7A3CF1059014}.Debug|Win32.Build.0 = Debug|Win32
		{B8AEA030-89A1-4DD0-BA4D-7A3CF1059014}.Debug|x64.ActiveCfg = Debug|x64
		{B8AEA030-89A1-4DD0-BA4D-7A3CF1059014}.Debug|x64.Build.0 = Debug|x64
		{B8AEA030-89A1-4DD0-BA4D-7A3CF1059014}.Debug|x86.ActiveCfg = Debug|Win32
		{B8AEA030-89A1-4DD0-BA4D-7A3CF1059014}.Debug|x86.Build.0 = Debug|Win32
		{B8AEA030-89A1-4DD0-BA4D-7A3CF1059014}.Release|Any CPU.ActiveCfg = Release|Win32
		{B8AEA030-89A1-4DD0-BA4D-7A3CF1059014}.Release|ARM.ActiveCfg = Release|ARM
		{B8AEA030-89A1-4DD0-BA4D-7A3CF1059014}.Release|ARM.Build.0 = Release|ARM
		{B8AEA030-89A1-4DD0-BA4D-7A3CF1059014}.Release|Mixed Platforms.ActiveCfg = Release|Win32
		{B8AEA030-89A1-4DD0-BA4D-7A3CF1059014}.Release|Mixed Platforms.Build.0 = Release|Win32
		{B8AEA030-89A1-4DD0-BA4D-7A3CF1059014}.Release|Win32.ActiveCfg = Release|Win32
		{B8AEA030-89A1-4DD0-BA4D-7A3CF1059014}.Release|Win32.Build.0 = Release|Win32
		{B8AEA030-89A1-4DD0-BA4D-7A3CF1059014}.Release|x64.ActiveCfg = Release|x64
		{B8AEA030-89A1-4DD0-BA4D-7A3CF1059014}.Release|x64.Build.0 = Release|x64
		{B8AEA030-89A1-4DD0-BA4D-7A3CF1059014}.Release|x86.ActiveCfg = Release|Win32
		{B8AEA030-89A1-4DD0-BA4D-7A3CF1059014}.Release|x86.Build.0 = Release|Win32
		{B18929C2-2A4E-4106-9592-9F96FD72E842}.Debug|Any CPU.ActiveCfg = Debug|Win32
		{B18929C2-2A4E-4106-9592-9F96FD72E842}.Debug|ARM.ActiveCfg = Debug|ARM
		{B18929C2-2A4E-4106-9592-9F96FD72E842}.Debug|ARM.Build.0 = Debug|ARM
		{B18929C2-2A4E-4106-9592-9F96FD72E842}.Debug|Mixed Platforms.ActiveCfg = Debug|Win32
		{B18929C2-2A4E-4106-9592-9F96FD72E842}.Debug|Mixed Platforms.Build.0 = Debug|Win32
		{B18929C2-2A4E-4106-9592-9F96FD72E842}.Debug|Win32.ActiveCfg = Debug|Win32
		{B18929C2-2A4E-4106-9592-9F96FD72E842}.Debug|Win32.Build.0 = Debug|Win32
		{B18929C2-2A4E-4106-9592-9F96FD72E842}.Debug|x64.ActiveCfg = Debug|Win32
		{B18929C2-2A4E-4106-9592-9F96FD72E842}.Debug|x86.ActiveCfg = Debug|Win32
		{B18929C2-2A4E-4106-9592-9F96FD72E842}.Debug|x86.Build.0 = Debug|Win32
		{B18929C2-2A4E-4106-9592-9F96FD72E842}.Release|Any CPU.ActiveCfg = Release|Win32
		{B18929C2-2A4E-4106-9592-9F96FD72E842}.Release|ARM.ActiveCfg = Release|ARM
		{B18929C2-2A4E-4106-9592-9F96FD72E842}.Release|ARM.Build.0 = Release|ARM
		{B18929C2-2A4E-4106-9592-9F96FD72E842}.Release|Mixed Platforms.ActiveCfg = Release|Win32
		{B18929C2-2A4E-4106-9592-9F96FD72E842}.Release|Mixed Platforms.Build.0 = Release|Win32
		{B18929C2-2A4E-4106-9592-9F96FD72E842}.Release|Win32.ActiveCfg = Release|Win32
		{B18929C2-2A4E-4106-9592-9F96FD72E842}.Release|Win32.Build.0 = Release|Win32
		{B18929C2-2A4E-4106-9592-9F96FD72E842}.Release|x64.ActiveCfg = Release|Win32
		{B18929C2-2A4E-4106-9592-9F96FD72E842}.Release|x86.ActiveCfg = Release|Win32
		{B18929C2-2A4E-4106-9592-9F96FD72E842}.Release|x86.Build.0 = Release|Win32
	EndGlobalSection
	GlobalSection(SolutionProperties) = preSolution
		HideSolutionNode = FALSE
	EndGlobalSection
	GlobalSection(NestedProjects) = preSolution
		{3E517F6F-75C8-4A44-A02B-9233E631DC1E} = {B416E181-051A-43F1-B10B-FE0029E0F66A}
		{93B43607-B63C-4F0A-B05F-CB1950C6E12F} = {B416E181-051A-43F1-B10B-FE0029E0F66A}
		{07B8DF0C-5E21-4DBC-AD29-36CB66CC7DA7} = {B416E181-051A-43F1-B10B-FE0029E0F66A}
		{36B3276C-0763-4AD2-A693-C22906CC6774} = {3A5007D6-04BC-40DD-949E-7E1BB3F9C092}
		{E446252E-D331-49C7-815B-7A55ABE38771} = {36B3276C-0763-4AD2-A693-C22906CC6774}
		{DE365DDD-6D74-4557-94C9-E5FA32AC84F4} = {E446252E-D331-49C7-815B-7A55ABE38771}
		{C71BB34C-C761-478C-B7EF-87370C1CA1F6} = {E446252E-D331-49C7-815B-7A55ABE38771}
		{CE4FC2B7-C08D-466E-95A6-5206BBEF2871} = {E446252E-D331-49C7-815B-7A55ABE38771}
		{6E8F39C6-2C7B-49A1-8C53-6400F52414C8} = {36B3276C-0763-4AD2-A693-C22906CC6774}
		{948856F6-8DF3-4DF6-B933-0DA0118CDBD2} = {6E8F39C6-2C7B-49A1-8C53-6400F52414C8}
		{B8AEA030-89A1-4DD0-BA4D-7A3CF1059014} = {6E8F39C6-2C7B-49A1-8C53-6400F52414C8}
		{B18929C2-2A4E-4106-9592-9F96FD72E842} = {6E8F39C6-2C7B-49A1-8C53-6400F52414C8}
	EndGlobalSection
EndGlobal
