<?xml version="1.0" encoding="utf-8"?>
<Project ToolsVersion="12.0" xmlns="http://schemas.microsoft.com/developer/msbuild/2003">
  <ItemGroup>
    <ClInclude Include="$(MSBuildThisFileDirectory)pch.h" />
    <ClInclude Include="$(MSBuildThisFileDirectory)Renderer.h" />
    <ClInclude Include="$(MSBuildThisFileDirectory)DX11\DX11DeviceResources.h" />
    <ClInclude Include="$(MSBuildThisFileDirectory)DX11\DisplayTexture\DX11DisplayTexture.h" />
    <ClInclude Include="$(MSBuildThisFileDirectory)DX11\DisplayTexture\DX11SwapChainPanelDisplayTexture.h" />
    <ClInclude Include="$(MSBuildThisFileDirectory)DX11\DX11Error.h" />
  </ItemGroup>
  <ItemGroup>
    <ClCompile Include="$(MSBuildThisFileDirectory)pch.cpp">
      <PrecompiledHeader>Create</PrecompiledHeader>
    </ClCompile>
    <ClCompile Include="$(MSBuildThisFileDirectory)Renderer.cpp" />
    <ClCompile Include="$(MSBuildThisFileDirectory)DX11\DX11DeviceResources.cpp" />
    <ClCompile Include="$(MSBuildThisFileDirectory)DX11\DisplayTexture\DX11DisplayTexture.cpp" />
    <ClCompile Include="$(MSBuildThisFileDirectory)DX11\DisplayTexture\DX11SwapChainPanelDisplayTexture.cpp" />
    <ClCompile Include="$(MSBuildThisFileDirectory)DX11\DX11Error.cpp" />
  </ItemGroup>
</Project>